// !$*UTF8*$!
{
	archiveVersion = 1;
	classes = {
	};
	objectVersion = 50;
	objects = {

/* Begin PBXBuildFile section */
		47025A5226821E200007B7D0 /* BrickGenerator.swift in Sources */ = {isa = PBXBuildFile; fileRef = 47025A5126821E200007B7D0 /* BrickGenerator.swift */; };
		4767AC7B267F7DB20098BB86 /* AppDelegate.swift in Sources */ = {isa = PBXBuildFile; fileRef = 4767AC7A267F7DB20098BB86 /* AppDelegate.swift */; };
		4767AC81267F7DB20098BB86 /* GameScene.swift in Sources */ = {isa = PBXBuildFile; fileRef = 4767AC80267F7DB20098BB86 /* GameScene.swift */; };
		4767AC83267F7DB20098BB86 /* GameViewController.swift in Sources */ = {isa = PBXBuildFile; fileRef = 4767AC82267F7DB20098BB86 /* GameViewController.swift */; };
		4767AC86267F7DB20098BB86 /* Main.storyboard in Resources */ = {isa = PBXBuildFile; fileRef = 4767AC84267F7DB20098BB86 /* Main.storyboard */; };
		4767AC88267F7DB40098BB86 /* Assets.xcassets in Resources */ = {isa = PBXBuildFile; fileRef = 4767AC87267F7DB40098BB86 /* Assets.xcassets */; };
		4767AC93267F7DB40098BB86 /* testisTests.swift in Sources */ = {isa = PBXBuildFile; fileRef = 4767AC92267F7DB40098BB86 /* testisTests.swift */; };
		4767AC9E267F7DB40098BB86 /* testisUITests.swift in Sources */ = {isa = PBXBuildFile; fileRef = 4767AC9D267F7DB40098BB86 /* testisUITests.swift */; };
		4767ACAE267F80130098BB86 /* Background.swift in Sources */ = {isa = PBXBuildFile; fileRef = 4767ACAD267F80130098BB86 /* Background.swift */; };
		4767ACB0267F81460098BB86 /* Variables.swift in Sources */ = {isa = PBXBuildFile; fileRef = 4767ACAF267F81460098BB86 /* Variables.swift */; };
		4767ACB3267F82500098BB86 /* Brick.swift in Sources */ = {isa = PBXBuildFile; fileRef = 4767ACB2267F82500098BB86 /* Brick.swift */; };
		47EB8EFA2684CDA800DA3F0E /* LeftButton.swift in Sources */ = {isa = PBXBuildFile; fileRef = 47EB8EF92684CDA800DA3F0E /* LeftButton.swift */; };
/* End PBXBuildFile section */

/* Begin PBXContainerItemProxy section */
		4767AC8F267F7DB40098BB86 /* PBXContainerItemProxy */ = {
			isa = PBXContainerItemProxy;
			containerPortal = 4767AC6F267F7DB20098BB86 /* Project object */;
			proxyType = 1;
			remoteGlobalIDString = 4767AC76267F7DB20098BB86;
			remoteInfo = testis;
		};
		4767AC9A267F7DB40098BB86 /* PBXContainerItemProxy */ = {
			isa = PBXContainerItemProxy;
			containerPortal = 4767AC6F267F7DB20098BB86 /* Project object */;
			proxyType = 1;
			remoteGlobalIDString = 4767AC76267F7DB20098BB86;
			remoteInfo = testis;
		};
/* End PBXContainerItemProxy section */

/* Begin PBXFileReference section */
		47025A5126821E200007B7D0 /* BrickGenerator.swift */ = {isa = PBXFileReference; lastKnownFileType = sourcecode.swift; path = BrickGenerator.swift; sourceTree = "<group>"; };
		4767AC77267F7DB20098BB86 /* testis.app */ = {isa = PBXFileReference; explicitFileType = wrapper.application; includeInIndex = 0; path = testis.app; sourceTree = BUILT_PRODUCTS_DIR; };
		4767AC7A267F7DB20098BB86 /* AppDelegate.swift */ = {isa = PBXFileReference; lastKnownFileType = sourcecode.swift; path = AppDelegate.swift; sourceTree = "<group>"; };
		4767AC80267F7DB20098BB86 /* GameScene.swift */ = {isa = PBXFileReference; lastKnownFileType = sourcecode.swift; path = GameScene.swift; sourceTree = "<group>"; };
		4767AC82267F7DB20098BB86 /* GameViewController.swift */ = {isa = PBXFileReference; lastKnownFileType = sourcecode.swift; path = GameViewController.swift; sourceTree = "<group>"; };
		4767AC85267F7DB20098BB86 /* Base */ = {isa = PBXFileReference; lastKnownFileType = file.storyboard; name = Base; path = Base.lproj/Main.storyboard; sourceTree = "<group>"; };
		4767AC87267F7DB40098BB86 /* Assets.xcassets */ = {isa = PBXFileReference; lastKnownFileType = folder.assetcatalog; path = Assets.xcassets; sourceTree = "<group>"; };
		4767AC89267F7DB40098BB86 /* Info.plist */ = {isa = PBXFileReference; lastKnownFileType = text.plist.xml; path = Info.plist; sourceTree = "<group>"; };
		4767AC8E267F7DB40098BB86 /* testisTests.xctest */ = {isa = PBXFileReference; explicitFileType = wrapper.cfbundle; includeInIndex = 0; path = testisTests.xctest; sourceTree = BUILT_PRODUCTS_DIR; };
		4767AC92267F7DB40098BB86 /* testisTests.swift */ = {isa = PBXFileReference; lastKnownFileType = sourcecode.swift; path = testisTests.swift; sourceTree = "<group>"; };
		4767AC94267F7DB40098BB86 /* Info.plist */ = {isa = PBXFileReference; lastKnownFileType = text.plist.xml; path = Info.plist; sourceTree = "<group>"; };
		4767AC99267F7DB40098BB86 /* testisUITests.xctest */ = {isa = PBXFileReference; explicitFileType = wrapper.cfbundle; includeInIndex = 0; path = testisUITests.xctest; sourceTree = BUILT_PRODUCTS_DIR; };
		4767AC9D267F7DB40098BB86 /* testisUITests.swift */ = {isa = PBXFileReference; lastKnownFileType = sourcecode.swift; path = testisUITests.swift; sourceTree = "<group>"; };
		4767AC9F267F7DB40098BB86 /* Info.plist */ = {isa = PBXFileReference; lastKnownFileType = text.plist.xml; path = Info.plist; sourceTree = "<group>"; };
		4767ACAD267F80130098BB86 /* Background.swift */ = {isa = PBXFileReference; lastKnownFileType = sourcecode.swift; path = Background.swift; sourceTree = "<group>"; };
		4767ACAF267F81460098BB86 /* Variables.swift */ = {isa = PBXFileReference; lastKnownFileType = sourcecode.swift; path = Variables.swift; sourceTree = "<group>"; };
		4767ACB2267F82500098BB86 /* Brick.swift */ = {isa = PBXFileReference; lastKnownFileType = sourcecode.swift; path = Brick.swift; sourceTree = "<group>"; };
		47EB8EF92684CDA800DA3F0E /* LeftButton.swift */ = {isa = PBXFileReference; lastKnownFileType = sourcecode.swift; path = LeftButton.swift; sourceTree = "<group>"; };
/* End PBXFileReference section */

/* Begin PBXFrameworksBuildPhase section */
		4767AC74267F7DB20098BB86 /* Frameworks */ = {
			isa = PBXFrameworksBuildPhase;
			buildActionMask = 2147483647;
			files = (
			);
			runOnlyForDeploymentPostprocessing = 0;
		};
		4767AC8B267F7DB40098BB86 /* Frameworks */ = {
			isa = PBXFrameworksBuildPhase;
			buildActionMask = 2147483647;
			files = (
			);
			runOnlyForDeploymentPostprocessing = 0;
		};
		4767AC96267F7DB40098BB86 /* Frameworks */ = {
			isa = PBXFrameworksBuildPhase;
			buildActionMask = 2147483647;
			files = (
			);
			runOnlyForDeploymentPostprocessing = 0;
		};
/* End PBXFrameworksBuildPhase section */

/* Begin PBXGroup section */
		4767AC6E267F7DB10098BB86 = {
			isa = PBXGroup;
			children = (
				4767AC79267F7DB20098BB86 /* testis */,
				4767AC91267F7DB40098BB86 /* testisTests */,
				4767AC9C267F7DB40098BB86 /* testisUITests */,
				4767AC78267F7DB20098BB86 /* Products */,
			);
			sourceTree = "<group>";
		};
		4767AC78267F7DB20098BB86 /* Products */ = {
			isa = PBXGroup;
			children = (
				4767AC77267F7DB20098BB86 /* testis.app */,
				4767AC8E267F7DB40098BB86 /* testisTests.xctest */,
				4767AC99267F7DB40098BB86 /* testisUITests.xctest */,
			);
			name = Products;
			sourceTree = "<group>";
		};
		4767AC79267F7DB20098BB86 /* testis */ = {
			isa = PBXGroup;
			children = (
				47EB8EF82684CD9A00DA3F0E /* functinos */,
				4767ACAC267F80070098BB86 /* Background */,
				4767ACAB267F7DDA0098BB86 /* view */,
				4767AC7A267F7DB20098BB86 /* AppDelegate.swift */,
				4767AC80267F7DB20098BB86 /* GameScene.swift */,
				4767AC82267F7DB20098BB86 /* GameViewController.swift */,
				4767AC84267F7DB20098BB86 /* Main.storyboard */,
				4767AC87267F7DB40098BB86 /* Assets.xcassets */,
				4767AC89267F7DB40098BB86 /* Info.plist */,
				4767ACAF267F81460098BB86 /* Variables.swift */,
			);
			path = testis;
			sourceTree = "<group>";
		};
		4767AC91267F7DB40098BB86 /* testisTests */ = {
			isa = PBXGroup;
			children = (
				4767AC92267F7DB40098BB86 /* testisTests.swift */,
				4767AC94267F7DB40098BB86 /* Info.plist */,
			);
			path = testisTests;
			sourceTree = "<group>";
		};
		4767AC9C267F7DB40098BB86 /* testisUITests */ = {
			isa = PBXGroup;
			children = (
				4767AC9D267F7DB40098BB86 /* testisUITests.swift */,
				4767AC9F267F7DB40098BB86 /* Info.plist */,
			);
			path = testisUITests;
			sourceTree = "<group>";
		};
		4767ACAB267F7DDA0098BB86 /* view */ = {
			isa = PBXGroup;
			children = (
			);
			path = view;
			sourceTree = "<group>";
		};
		4767ACAC267F80070098BB86 /* Background */ = {
			isa = PBXGroup;
			children = (
				4767ACAD267F80130098BB86 /* Background.swift */,
				4767ACB2267F82500098BB86 /* Brick.swift */,
				47025A5126821E200007B7D0 /* BrickGenerator.swift */,
			);
			path = Background;
			sourceTree = "<group>";
		};
		47EB8EF82684CD9A00DA3F0E /* functinos */ = {
			isa = PBXGroup;
			children = (
				47EB8EF92684CDA800DA3F0E /* LeftButton.swift */,
			);
			path = functinos;
			sourceTree = "<group>";
		};
/* End PBXGroup section */

/* Begin PBXNativeTarget section */
		4767AC76267F7DB20098BB86 /* testis */ = {
			isa = PBXNativeTarget;
			buildConfigurationList = 4767ACA2267F7DB40098BB86 /* Build configuration list for PBXNativeTarget "testis" */;
			buildPhases = (
				4767AC73267F7DB20098BB86 /* Sources */,
				4767AC74267F7DB20098BB86 /* Frameworks */,
				4767AC75267F7DB20098BB86 /* Resources */,
			);
			buildRules = (
			);
			dependencies = (
			);
			name = testis;
			productName = testis;
			productReference = 4767AC77267F7DB20098BB86 /* testis.app */;
			productType = "com.apple.product-type.application";
		};
		4767AC8D267F7DB40098BB86 /* testisTests */ = {
			isa = PBXNativeTarget;
			buildConfigurationList = 4767ACA5267F7DB40098BB86 /* Build configuration list for PBXNativeTarget "testisTests" */;
			buildPhases = (
				4767AC8A267F7DB40098BB86 /* Sources */,
				4767AC8B267F7DB40098BB86 /* Frameworks */,
				4767AC8C267F7DB40098BB86 /* Resources */,
			);
			buildRules = (
			);
			dependencies = (
				4767AC90267F7DB40098BB86 /* PBXTargetDependency */,
			);
			name = testisTests;
			productName = testisTests;
			productReference = 4767AC8E267F7DB40098BB86 /* testisTests.xctest */;
			productType = "com.apple.product-type.bundle.unit-test";
		};
		4767AC98267F7DB40098BB86 /* testisUITests */ = {
			isa = PBXNativeTarget;
			buildConfigurationList = 4767ACA8267F7DB40098BB86 /* Build configuration list for PBXNativeTarget "testisUITests" */;
			buildPhases = (
				4767AC95267F7DB40098BB86 /* Sources */,
				4767AC96267F7DB40098BB86 /* Frameworks */,
				4767AC97267F7DB40098BB86 /* Resources */,
			);
			buildRules = (
			);
			dependencies = (
				4767AC9B267F7DB40098BB86 /* PBXTargetDependency */,
			);
			name = testisUITests;
			productName = testisUITests;
			productReference = 4767AC99267F7DB40098BB86 /* testisUITests.xctest */;
			productType = "com.apple.product-type.bundle.ui-testing";
		};
/* End PBXNativeTarget section */

/* Begin PBXProject section */
		4767AC6F267F7DB20098BB86 /* Project object */ = {
			isa = PBXProject;
			attributes = {
				LastSwiftUpdateCheck = 1250;
				LastUpgradeCheck = 1250;
				TargetAttributes = {
					4767AC76267F7DB20098BB86 = {
						CreatedOnToolsVersion = 12.5;
					};
					4767AC8D267F7DB40098BB86 = {
						CreatedOnToolsVersion = 12.5;
						TestTargetID = 4767AC76267F7DB20098BB86;
					};
					4767AC98267F7DB40098BB86 = {
						CreatedOnToolsVersion = 12.5;
						TestTargetID = 4767AC76267F7DB20098BB86;
					};
				};
			};
			buildConfigurationList = 4767AC72267F7DB20098BB86 /* Build configuration list for PBXProject "testis" */;
			compatibilityVersion = "Xcode 9.3";
			developmentRegion = en;
			hasScannedForEncodings = 0;
			knownRegions = (
				en,
				Base,
			);
			mainGroup = 4767AC6E267F7DB10098BB86;
			productRefGroup = 4767AC78267F7DB20098BB86 /* Products */;
			projectDirPath = "";
			projectRoot = "";
			targets = (
				4767AC76267F7DB20098BB86 /* testis */,
				4767AC8D267F7DB40098BB86 /* testisTests */,
				4767AC98267F7DB40098BB86 /* testisUITests */,
			);
		};
/* End PBXProject section */

/* Begin PBXResourcesBuildPhase section */
		4767AC75267F7DB20098BB86 /* Resources */ = {
			isa = PBXResourcesBuildPhase;
			buildActionMask = 2147483647;
			files = (
				4767AC86267F7DB20098BB86 /* Main.storyboard in Resources */,
				4767AC88267F7DB40098BB86 /* Assets.xcassets in Resources */,
			);
			runOnlyForDeploymentPostprocessing = 0;
		};
		4767AC8C267F7DB40098BB86 /* Resources */ = {
			isa = PBXResourcesBuildPhase;
			buildActionMask = 2147483647;
			files = (
			);
			runOnlyForDeploymentPostprocessing = 0;
		};
		4767AC97267F7DB40098BB86 /* Resources */ = {
			isa = PBXResourcesBuildPhase;
			buildActionMask = 2147483647;
			files = (
			);
			runOnlyForDeploymentPostprocessing = 0;
		};
/* End PBXResourcesBuildPhase section */

/* Begin PBXSourcesBuildPhase section */
		4767AC73267F7DB20098BB86 /* Sources */ = {
			isa = PBXSourcesBuildPhase;
			buildActionMask = 2147483647;
			files = (
				4767AC81267F7DB20098BB86 /* GameScene.swift in Sources */,
				4767AC83267F7DB20098BB86 /* GameViewController.swift in Sources */,
				47EB8EFA2684CDA800DA3F0E /* LeftButton.swift in Sources */,
				4767AC7B267F7DB20098BB86 /* AppDelegate.swift in Sources */,
				47025A5226821E200007B7D0 /* BrickGenerator.swift in Sources */,
				4767ACAE267F80130098BB86 /* Background.swift in Sources */,
				4767ACB0267F81460098BB86 /* Variables.swift in Sources */,
				4767ACB3267F82500098BB86 /* Brick.swift in Sources */,
			);
			runOnlyForDeploymentPostprocessing = 0;
		};
		4767AC8A267F7DB40098BB86 /* Sources */ = {
			isa = PBXSourcesBuildPhase;
			buildActionMask = 2147483647;
			files = (
				4767AC93267F7DB40098BB86 /* testisTests.swift in Sources */,
			);
			runOnlyForDeploymentPostprocessing = 0;
		};
		4767AC95267F7DB40098BB86 /* Sources */ = {
			isa = PBXSourcesBuildPhase;
			buildActionMask = 2147483647;
			files = (
				4767AC9E267F7DB40098BB86 /* testisUITests.swift in Sources */,
			);
			runOnlyForDeploymentPostprocessing = 0;
		};
/* End PBXSourcesBuildPhase section */

/* Begin PBXTargetDependency section */
		4767AC90267F7DB40098BB86 /* PBXTargetDependency */ = {
			isa = PBXTargetDependency;
			target = 4767AC76267F7DB20098BB86 /* testis */;
			targetProxy = 4767AC8F267F7DB40098BB86 /* PBXContainerItemProxy */;
		};
		4767AC9B267F7DB40098BB86 /* PBXTargetDependency */ = {
			isa = PBXTargetDependency;
			target = 4767AC76267F7DB20098BB86 /* testis */;
			targetProxy = 4767AC9A267F7DB40098BB86 /* PBXContainerItemProxy */;
		};
/* End PBXTargetDependency section */

/* Begin PBXVariantGroup section */
		4767AC84267F7DB20098BB86 /* Main.storyboard */ = {
			isa = PBXVariantGroup;
			children = (
				4767AC85267F7DB20098BB86 /* Base */,
			);
			name = Main.storyboard;
			sourceTree = "<group>";
		};
/* End PBXVariantGroup section */

/* Begin XCBuildConfiguration section */
		4767ACA0267F7DB40098BB86 /* Debug */ = {
			isa = XCBuildConfiguration;
			buildSettings = {
				ALWAYS_SEARCH_USER_PATHS = NO;
				CLANG_ANALYZER_NONNULL = YES;
				CLANG_ANALYZER_NUMBER_OBJECT_CONVERSION = YES_AGGRESSIVE;
				CLANG_CXX_LANGUAGE_STANDARD = "gnu++14";
				CLANG_CXX_LIBRARY = "libc++";
				CLANG_ENABLE_MODULES = YES;
				CLANG_ENABLE_OBJC_ARC = YES;
				CLANG_ENABLE_OBJC_WEAK = YES;
				CLANG_WARN_BLOCK_CAPTURE_AUTORELEASING = YES;
				CLANG_WARN_BOOL_CONVERSION = YES;
				CLANG_WARN_COMMA = YES;
				CLANG_WARN_CONSTANT_CONVERSION = YES;
				CLANG_WARN_DEPRECATED_OBJC_IMPLEMENTATIONS = YES;
				CLANG_WARN_DIRECT_OBJC_ISA_USAGE = YES_ERROR;
				CLANG_WARN_DOCUMENTATION_COMMENTS = YES;
				CLANG_WARN_EMPTY_BODY = YES;
				CLANG_WARN_ENUM_CONVERSION = YES;
				CLANG_WARN_INFINITE_RECURSION = YES;
				CLANG_WARN_INT_CONVERSION = YES;
				CLANG_WARN_NON_LITERAL_NULL_CONVERSION = YES;
				CLANG_WARN_OBJC_IMPLICIT_RETAIN_SELF = YES;
				CLANG_WARN_OBJC_LITERAL_CONVERSION = YES;
				CLANG_WARN_OBJC_ROOT_CLASS = YES_ERROR;
				CLANG_WARN_QUOTED_INCLUDE_IN_FRAMEWORK_HEADER = YES;
				CLANG_WARN_RANGE_LOOP_ANALYSIS = YES;
				CLANG_WARN_STRICT_PROTOTYPES = YES;
				CLANG_WARN_SUSPICIOUS_MOVE = YES;
				CLANG_WARN_UNGUARDED_AVAILABILITY = YES_AGGRESSIVE;
				CLANG_WARN_UNREACHABLE_CODE = YES;
				CLANG_WARN__DUPLICATE_METHOD_MATCH = YES;
				COPY_PHASE_STRIP = NO;
				DEBUG_INFORMATION_FORMAT = dwarf;
				ENABLE_STRICT_OBJC_MSGSEND = YES;
				ENABLE_TESTABILITY = YES;
				GCC_C_LANGUAGE_STANDARD = gnu11;
				GCC_DYNAMIC_NO_PIC = NO;
				GCC_NO_COMMON_BLOCKS = YES;
				GCC_OPTIMIZATION_LEVEL = 0;
				GCC_PREPROCESSOR_DEFINITIONS = (
					"DEBUG=1",
					"$(inherited)",
				);
				GCC_WARN_64_TO_32_BIT_CONVERSION = YES;
				GCC_WARN_ABOUT_RETURN_TYPE = YES_ERROR;
				GCC_WARN_UNDECLARED_SELECTOR = YES;
				GCC_WARN_UNINITIALIZED_AUTOS = YES_AGGRESSIVE;
				GCC_WARN_UNUSED_FUNCTION = YES;
				GCC_WARN_UNUSED_VARIABLE = YES;
				IPHONEOS_DEPLOYMENT_TARGET = 14.5;
				MTL_ENABLE_DEBUG_INFO = INCLUDE_SOURCE;
				MTL_FAST_MATH = YES;
				ONLY_ACTIVE_ARCH = YES;
				SDKROOT = iphoneos;
				SWIFT_ACTIVE_COMPILATION_CONDITIONS = DEBUG;
				SWIFT_OPTIMIZATION_LEVEL = "-Onone";
			};
			name = Debug;
		};
		4767ACA1267F7DB40098BB86 /* Release */ = {
			isa = XCBuildConfiguration;
			buildSettings = {
				ALWAYS_SEARCH_USER_PATHS = NO;
				CLANG_ANALYZER_NONNULL = YES;
				CLANG_ANALYZER_NUMBER_OBJECT_CONVERSION = YES_AGGRESSIVE;
				CLANG_CXX_LANGUAGE_STANDARD = "gnu++14";
				CLANG_CXX_LIBRARY = "libc++";
				CLANG_ENABLE_MODULES = YES;
				CLANG_ENABLE_OBJC_ARC = YES;
				CLANG_ENABLE_OBJC_WEAK = YES;
				CLANG_WARN_BLOCK_CAPTURE_AUTORELEASING = YES;
				CLANG_WARN_BOOL_CONVERSION = YES;
				CLANG_WARN_COMMA = YES;
				CLANG_WARN_CONSTANT_CONVERSION = YES;
				CLANG_WARN_DEPRECATED_OBJC_IMPLEMENTATIONS = YES;
				CLANG_WARN_DIRECT_OBJC_ISA_USAGE = YES_ERROR;
				CLANG_WARN_DOCUMENTATION_COMMENTS = YES;
				CLANG_WARN_EMPTY_BODY = YES;
				CLANG_WARN_ENUM_CONVERSION = YES;
				CLANG_WARN_INFINITE_RECURSION = YES;
				CLANG_WARN_INT_CONVERSION = YES;
				CLANG_WARN_NON_LITERAL_NULL_CONVERSION = YES;
				CLANG_WARN_OBJC_IMPLICIT_RETAIN_SELF = YES;
				CLANG_WARN_OBJC_LITERAL_CONVERSION = YES;
				CLANG_WARN_OBJC_ROOT_CLASS = YES_ERROR;
				CLANG_WARN_QUOTED_INCLUDE_IN_FRAMEWORK_HEADER = YES;
				CLANG_WARN_RANGE_LOOP_ANALYSIS = YES;
				CLANG_WARN_STRICT_PROTOTYPES = YES;
				CLANG_WARN_SUSPICIOUS_MOVE = YES;
				CLANG_WARN_UNGUARDED_AVAILABILITY = YES_AGGRESSIVE;
				CLANG_WARN_UNREACHABLE_CODE = YES;
				CLANG_WARN__DUPLICATE_METHOD_MATCH = YES;
				COPY_PHASE_STRIP = NO;
				DEBUG_INFORMATION_FORMAT = "dwarf-with-dsym";
				ENABLE_NS_ASSERTIONS = NO;
				ENABLE_STRICT_OBJC_MSGSEND = YES;
				GCC_C_LANGUAGE_STANDARD = gnu11;
				GCC_NO_COMMON_BLOCKS = YES;
				GCC_WARN_64_TO_32_BIT_CONVERSION = YES;
				GCC_WARN_ABOUT_RETURN_TYPE = YES_ERROR;
				GCC_WARN_UNDECLARED_SELECTOR = YES;
				GCC_WARN_UNINITIALIZED_AUTOS = YES_AGGRESSIVE;
				GCC_WARN_UNUSED_FUNCTION = YES;
				GCC_WARN_UNUSED_VARIABLE = YES;
				IPHONEOS_DEPLOYMENT_TARGET = 14.5;
				MTL_ENABLE_DEBUG_INFO = NO;
				MTL_FAST_MATH = YES;
				SDKROOT = iphoneos;
				SWIFT_COMPILATION_MODE = wholemodule;
				SWIFT_OPTIMIZATION_LEVEL = "-O";
				VALIDATE_PRODUCT = YES;
			};
			name = Release;
		};
		4767ACA3267F7DB40098BB86 /* Debug */ = {
			isa = XCBuildConfiguration;
			buildSettings = {
				ASSETCATALOG_COMPILER_APPICON_NAME = AppIcon;
				ASSETCATALOG_COMPILER_GLOBAL_ACCENT_COLOR_NAME = AccentColor;
				CODE_SIGN_STYLE = Automatic;
				DEVELOPMENT_TEAM = 75VK5Q85W2;
				INFOPLIST_FILE = testis/Info.plist;
				LD_RUNPATH_SEARCH_PATHS = (
					"$(inherited)",
					"@executable_path/Frameworks",
				);
				PRODUCT_BUNDLE_IDENTIFIER = com.cleanhyune.testis;
				PRODUCT_NAME = "$(TARGET_NAME)";
				SWIFT_VERSION = 5.0;
				TARGETED_DEVICE_FAMILY = "1,2";
			};
			name = Debug;
		};
		4767ACA4267F7DB40098BB86 /* Release */ = {
			isa = XCBuildConfiguration;
			buildSettings = {
				ASSETCATALOG_COMPILER_APPICON_NAME = AppIcon;
				ASSETCATALOG_COMPILER_GLOBAL_ACCENT_COLOR_NAME = AccentColor;
				CODE_SIGN_STYLE = Automatic;
				DEVELOPMENT_TEAM = 75VK5Q85W2;
				INFOPLIST_FILE = testis/Info.plist;
				LD_RUNPATH_SEARCH_PATHS = (
					"$(inherited)",
					"@executable_path/Frameworks",
				);
				PRODUCT_BUNDLE_IDENTIFIER = com.cleanhyune.testis;
				PRODUCT_NAME = "$(TARGET_NAME)";
				SWIFT_VERSION = 5.0;
				TARGETED_DEVICE_FAMILY = "1,2";
			};
			name = Release;
		};
		4767ACA6267F7DB40098BB86 /* Debug */ = {
			isa = XCBuildConfiguration;
			buildSettings = {
				ALWAYS_EMBED_SWIFT_STANDARD_LIBRARIES = YES;
				BUNDLE_LOADER = "$(TEST_HOST)";
				CODE_SIGN_STYLE = Automatic;
				DEVELOPMENT_TEAM = 75VK5Q85W2;
				INFOPLIST_FILE = testisTests/Info.plist;
				IPHONEOS_DEPLOYMENT_TARGET = 14.5;
				LD_RUNPATH_SEARCH_PATHS = (
					"$(inherited)",
					"@executable_path/Frameworks",
					"@loader_path/Frameworks",
				);
				PRODUCT_BUNDLE_IDENTIFIER = com.cleanhyune.testisTests;
				PRODUCT_NAME = "$(TARGET_NAME)";
				SWIFT_VERSION = 5.0;
				TARGETED_DEVICE_FAMILY = "1,2";
				TEST_HOST = "$(BUILT_PRODUCTS_DIR)/testis.app/testis";
			};
			name = Debug;
		};
		4767ACA7267F7DB40098BB86 /* Release */ = {
			isa = XCBuildConfiguration;
			buildSettings = {
				ALWAYS_EMBED_SWIFT_STANDARD_LIBRARIES = YES;
				BUNDLE_LOADER = "$(TEST_HOST)";
				CODE_SIGN_STYLE = Automatic;
				DEVELOPMENT_TEAM = 75VK5Q85W2;
				INFOPLIST_FILE = testisTests/Info.plist;
				IPHONEOS_DEPLOYMENT_TARGET = 14.5;
				LD_RUNPATH_SEARCH_PATHS = (
					"$(inherited)",
					"@executable_path/Frameworks",
					"@loader_path/Frameworks",
				);
				PRODUCT_BUNDLE_IDENTIFIER = com.cleanhyune.testisTests;
				PRODUCT_NAME = "$(TARGET_NAME)";
				SWIFT_VERSION = 5.0;
				TARGETED_DEVICE_FAMILY = "1,2";
				TEST_HOST = "$(BUILT_PRODUCTS_DIR)/testis.app/testis";
			};
			name = Release;
		};
		4767ACA9267F7DB40098BB86 /* Debug */ = {
			isa = XCBuildConfiguration;
			buildSettings = {
				ALWAYS_EMBED_SWIFT_STANDARD_LIBRARIES = YES;
				CODE_SIGN_STYLE = Automatic;
				DEVELOPMENT_TEAM = 75VK5Q85W2;
				INFOPLIST_FILE = testisUITests/Info.plist;
				LD_RUNPATH_SEARCH_PATHS = (
					"$(inherited)",
					"@executable_path/Frameworks",
					"@loader_path/Frameworks",
				);
				PRODUCT_BUNDLE_IDENTIFIER = com.cleanhyune.testisUITests;
				PRODUCT_NAME = "$(TARGET_NAME)";
				SWIFT_VERSION = 5.0;
				TARGETED_DEVICE_FAMILY = "1,2";
				TEST_TARGET_NAME = testis;
			};
			name = Debug;
		};
		4767ACAA267F7DB40098BB86 /* Release */ = {
			isa = XCBuildConfiguration;
			buildSettings = {
				ALWAYS_EMBED_SWIFT_STANDARD_LIBRARIES = YES;
				CODE_SIGN_STYLE = Automatic;
				DEVELOPMENT_TEAM = 75VK5Q85W2;
				INFOPLIST_FILE = testisUITests/Info.plist;
				LD_RUNPATH_SEARCH_PATHS = (
					"$(inherited)",
					"@executable_path/Frameworks",
					"@loader_path/Frameworks",
				);
				PRODUCT_BUNDLE_IDENTIFIER = com.cleanhyune.testisUITests;
				PRODUCT_NAME = "$(TARGET_NAME)";
				SWIFT_VERSION = 5.0;
				TARGETED_DEVICE_FAMILY = "1,2";
				TEST_TARGET_NAME = testis;
			};
			name = Release;
		};
/* End XCBuildConfiguration section */

/* Begin XCConfigurationList section */
		4767AC72267F7DB20098BB86 /* Build configuration list for PBXProject "testis" */ = {
			isa = XCConfigurationList;
			buildConfigurations = (
				4767ACA0267F7DB40098BB86 /* Debug */,
				4767ACA1267F7DB40098BB86 /* Release */,
			);
			defaultConfigurationIsVisible = 0;
			defaultConfigurationName = Release;
		};
		4767ACA2267F7DB40098BB86 /* Build configuration list for PBXNativeTarget "testis" */ = {
			isa = XCConfigurationList;
			buildConfigurations = (
				4767ACA3267F7DB40098BB86 /* Debug */,
				4767ACA4267F7DB40098BB86 /* Release */,
			);
			defaultConfigurationIsVisible = 0;
			defaultConfigurationName = Release;
		};
		4767ACA5267F7DB40098BB86 /* Build configuration list for PBXNativeTarget "testisTests" */ = {
			isa = XCConfigurationList;
			buildConfigurations = (
				4767ACA6267F7DB40098BB86 /* Debug */,
				4767ACA7267F7DB40098BB86 /* Release */,
			);
			defaultConfigurationIsVisible = 0;
			defaultConfigurationName = Release;
		};
		4767ACA8267F7DB40098BB86 /* Build configuration list for PBXNativeTarget "testisUITests" */ = {
			isa = XCConfigurationList;
			buildConfigurations = (
				4767ACA9267F7DB40098BB86 /* Debug */,
				4767ACAA267F7DB40098BB86 /* Release */,
			);
			defaultConfigurationIsVisible = 0;
			defaultConfigurationName = Release;
		};
/* End XCConfigurationList section */
	};
	rootObject = 4767AC6F267F7DB20098BB86 /* Project object */;
}
